
Microsoft Visual Studio Solution File, Format Version 12.00
# Visual Studio Version 17
VisualStudioVersion = 17.9.34511.98
MinimumVisualStudioVersion = 10.0.40219.1
Project("{FAE04EC0-301F-11D3-BF4B-00C04F79EFBC}") = "DotNet8WebApi", "DotNet8WebApi\DotNet8WebApi.csproj", "{27D87781-5694-4E60-8B67-AE04AA676A7E}"
EndProject
Global
	GlobalSection(SolutionConfigurationPlatforms) = preSolution
		Debug|Any CPU = Debug|Any CPU
		Release|Any CPU = Release|Any CPU
	EndGlobalSection
	GlobalSection(ProjectConfigurationPlatforms) = postSolution
		{27D87781-5694-4E60-8B67-AE04AA676A7E}.Debug|Any CPU.ActiveCfg = Debug|Any CPU
		{27D87781-5694-4E60-8B67-AE04AA676A7E}.Debug|Any CPU.Build.0 = Debug|Any CPU
		{27D87781-5694-4E60-8B67-AE04AA676A7E}.Release|Any CPU.ActiveCfg = Release|Any CPU
		{27D87781-5694-4E60-8B67-AE04AA676A7E}.Release|Any CPU.Build.0 = Release|Any CPU
	EndGlobalSection
	GlobalSection(SolutionProperties) = preSolution
		HideSolutionNode = FALSE
	EndGlobalSection
	GlobalSection(ExtensibilityGlobals) = postSolution
		SolutionGuid = {040B28EE-8BCB-401C-BACA-DE10333147EE}
	EndGlobalSection
EndGlobal
